
Microsoft Visual Studio Solution File, Format Version 12.00
# Visual Studio Version 17
VisualStudioVersion = 17.4.33110.190
MinimumVisualStudioVersion = 10.0.40219.1
Project("{FAE04EC0-301F-11D3-BF4B-00C04F79EFBC}") = "Devs2Blu.Projeto.MVCSQL.Web", "src\Devs2Blu.Projeto.MVCSQL.Web\Devs2Blu.Projeto.MVCSQL.Web.csproj", "{76B5CAEB-7EC7-49BD-A80E-703F851E08B8}"
EndProject
Global
	GlobalSection(SolutionConfigurationPlatforms) = preSolution
		Debug|Any CPU = Debug|Any CPU
		Release|Any CPU = Release|Any CPU
	EndGlobalSection
	GlobalSection(ProjectConfigurationPlatforms) = postSolution
		{76B5CAEB-7EC7-49BD-A80E-703F851E08B8}.Debug|Any CPU.ActiveCfg = Debug|Any CPU
		{76B5CAEB-7EC7-49BD-A80E-703F851E08B8}.Debug|Any CPU.Build.0 = Debug|Any CPU
		{76B5CAEB-7EC7-49BD-A80E-703F851E08B8}.Release|Any CPU.ActiveCfg = Release|Any CPU
		{76B5CAEB-7EC7-49BD-A80E-703F851E08B8}.Release|Any CPU.Build.0 = Release|Any CPU
	EndGlobalSection
	GlobalSection(SolutionProperties) = preSolution
		HideSolutionNode = FALSE
	EndGlobalSection
	GlobalSection(ExtensibilityGlobals) = postSolution
		SolutionGuid = {3A93A178-AAE8-4586-A6B2-2B5DF61C65F2}
	EndGlobalSection
EndGlobal
